hash: a23a28270a7225fb60a9350cd2af46d811bd7a7f7abd3650b24213dbb29411ca
updated: 2017-09-04T00:09:57.575765131+09:00
imports:
- name: github.com/labstack/echo
  version: cec7629194fe4bf83b0c72d9a02d340c7a1468ac
- name: github.com/labstack/gommon
  version: 779b8a8b9850a97acba6a3fe20feb628c39e17c1
  subpackages:
  - color
  - log
- name: github.com/mattn/go-colorable
  version: ad5389df28cdac544c99bd7b9161a0b5b6ca9d1b
- name: github.com/mattn/go-isatty
  version: fc9e8d8ef48496124e79ae0df75490096eccf6fe
- name: github.com/valyala/bytebufferpool
  version: e746df99fe4a3986f4d4f79e13c1e0117ce9c2f7
- name: github.com/valyala/fasttemplate
  version: dcecefd839c4193db0d35b88ec65b4c12d360ab0
- name: golang.org/x/crypto
  version: 81e90905daefcd6fd217b62423c0908922eadb30
  subpackages:
  - acme
  - acme/autocert
- name: golang.org/x/sys
  version: 7ddbeae9ae08c6a06a59597f0c9edbc5ff2444ce
  subpackages:
  - unix
testImports: []
