github.com/jinzhu/gorm v0.0.0-20160404144928-5174cc5c242a h1:pfPxlCVlKqBRqHpyCxOIKhhB4ERpz02iadDpRVevLm4=
github.com/jinzhu/gorm v0.0.0-20160404144928-5174cc5c242a/go.mod h1:Vla75njaFJ8clLU1W44h34PjIkijhjHIYnZxMqCdxqo=
github.com/jinzhu/inflection v0.0.0-20170102125226-1c35d901db3d h1:jRQLvyVGL+iVtDElaEIDdKwpPqUIZJfzkNLV34htpEc=
github.com/jinzhu/inflection v0.0.0-20170102125226-1c35d901db3d/go.mod h1:h+uFLlag+Qp1Va5pdKtLDYj+kHp5pxUVkryuEj+Srlc=
github.com/labstack/echo v3.2.3+incompatible h1:rYSA991573+HuBGF2WSDryz9rAxy9PrYN0lPouuiW6k=
github.com/labstack/echo v3.2.3+incompatible/go.mod h1:0INS7j/VjnFxD4E2wkz67b8cVwCLbBmJyDaka6Cmk1s=
github.com/labstack/gommon v0.0.0-20170712191137-779b8a8b9850 h1:6RtEUVCHIvoB7Vi8pATzImI7vN+B3ndpF40pYl11h7I=
github.com/labstack/gommon v0.0.0-20170712191137-779b8a8b9850/go.mod h1:/tj9csK2iPSBvn+3NLM9e52usepMtrd5ilFYA+wQNJ4=
github.com/lib/pq v0.0.0-20171019223007-456514e2defe h1:3W7DA0pKM6dPkHc4thTL7VJw32yEIbeQNgpzIaSW9kI=
github.com/lib/pq v0.0.0-20171019223007-456514e2defe/go.mod h1:5WUZQaWbwv1U+lTReE5YruASi9Al49XbQIvNi/34Woo=
github.com/mattn/go-colorable v0.0.0-20170816031813-ad5389df28cd h1:eYiiP5pgdf+n78BU5JFWt7yI2bpxW31L/R5Rrk8vLgs=
github.com/mattn/go-colorable v0.0.0-20170816031813-ad5389df28cd/go.mod h1:9vuHe8Xs5qXnSaW/c/ABM9alt+Vo+STaOChaDxuIBZU=
github.com/mattn/go-isatty v0.0.2 h1:F+DnWktyadxnOrohKLNUC9/GjFii5RJgY4GFG6ilggw=
github.com/mattn/go-isatty v0.0.2/go.mod h1:M+lRXTBqGeGNdLjl/ufCoiOlB5xdOkqRJdNxMWT7Zi4=
github.com/valyala/bytebufferpool v1.0.0 h1:GqA5TC/0021Y/b9FG4Oi9Mr3q7XYx6KllzawFIhcdPw=
github.com/valyala/bytebufferpool v1.0.0/go.mod h1:6bBcMArwyJ5K/AmCkWv1jt77kVWyCJ6HpOuEn7z0Csc=
github.com/valyala/fasttemplate v0.0.0-20170224212429-dcecefd839c4 h1:gKMu1Bf6QINDnvyZuTaACm9ofY+PRh+5vFz4oxBZeF8=
github.com/valyala/fasttemplate v0.0.0-20170224212429-dcecefd839c4/go.mod h1:50wTf68f99/Zt14pr046Tgt3Lp2vLyFZKzbFXTOabXw=
golang.org/x/crypto v0.0.0-20170825220121-81e90905daef h1:R8ubLIilYRXIXpgjOg2l/ECVs3HzVKIjJEhxSsQ91u4=
golang.org/x/crypto v0.0.0-20170825220121-81e90905daef/go.mod h1:6SG95UA2DQfeDnfUPMdvaQW0Q7yPrPDi9nlGo2tz2b4=
golang.org/x/sys v0.0.0-20170901181214-7ddbeae9ae08 h1:zbq2OrbM9Ho7ysO4U4W7fOFUNYfeTv/dmAAbMiG9qRs=
golang.org/x/sys v0.0.0-20170901181214-7ddbeae9ae08/go.mod h1:STP8DvDyc/dI5b8T5hshtkjS+E42TnysNCUPdjciGhY=
